
Microsoft Visual Studio Solution File, Format Version 12.00
# Visual Studio Version 17
VisualStudioVersion = 17.14.35906.104 d17.14
MinimumVisualStudioVersion = 10.0.40219.1
Project("{F2A71F9B-5D33-465A-A702-920D77279786}") = "fsappollo", "fsappollo.fsproj", "{D0B93568-CC03-C4E3-219A-780DB073A79E}"
EndProject
Global
	GlobalSection(SolutionConfigurationPlatforms) = preSolution
		Debug|Any CPU = Debug|Any CPU
		Release|Any CPU = Release|Any CPU
	EndGlobalSection
	GlobalSection(ProjectConfigurationPlatforms) = postSolution
		{D0B93568-CC03-C4E3-219A-780DB073A79E}.Debug|Any CPU.ActiveCfg = Debug|Any CPU
		{D0B93568-CC03-C4E3-219A-780DB073A79E}.Debug|Any CPU.Build.0 = Debug|Any CPU
		{D0B93568-CC03-C4E3-219A-780DB073A79E}.Release|Any CPU.ActiveCfg = Release|Any CPU
		{D0B93568-CC03-C4E3-219A-780DB073A79E}.Release|Any CPU.Build.0 = Release|Any CPU
	EndGlobalSection
	GlobalSection(SolutionProperties) = preSolution
		HideSolutionNode = FALSE
	EndGlobalSection
	GlobalSection(ExtensibilityGlobals) = postSolution
		SolutionGuid = {DCA239AE-FF6D-43C1-AABA-D2BD705E308B}
	EndGlobalSection
EndGlobal
